
Microsoft Visual Studio Solution File, Format Version 12.00
# Visual Studio Version 17
VisualStudioVersion = 17.3.32929.385
MinimumVisualStudioVersion = 10.0.40219.1
Project("{9A19103F-16F7-4668-BE54-9A1E7A4F7556}") = "plot3d", "plot3d\plot3d.csproj", "{48500894-B264-4984-B6AE-C2AC1E969A28}"
EndProject
Project("{FAE04EC0-301F-11D3-BF4B-00C04F79EFBC}") = "FireAxe", "FireAxe\FireAxe.csproj", "{50F260BA-D50A-4935-8E22-DCC0755C9E80}"
EndProject
Global
	GlobalSection(SolutionConfigurationPlatforms) = preSolution
		Debug|Any CPU = Debug|Any CPU
		Release|Any CPU = Release|Any CPU
	EndGlobalSection
	GlobalSection(ProjectConfigurationPlatforms) = postSolution
		{48500894-B264-4984-B6AE-C2AC1E969A28}.Debug|Any CPU.ActiveCfg = Debug|Any CPU
		{48500894-B264-4984-B6AE-C2AC1E969A28}.Debug|Any CPU.Build.0 = Debug|Any CPU
		{48500894-B264-4984-B6AE-C2AC1E969A28}.Release|Any CPU.ActiveCfg = Release|Any CPU
		{48500894-B264-4984-B6AE-C2AC1E969A28}.Release|Any CPU.Build.0 = Release|Any CPU
		{50F260BA-D50A-4935-8E22-DCC0755C9E80}.Debug|Any CPU.ActiveCfg = Debug|Any CPU
		{50F260BA-D50A-4935-8E22-DCC0755C9E80}.Debug|Any CPU.Build.0 = Debug|Any CPU
		{50F260BA-D50A-4935-8E22-DCC0755C9E80}.Release|Any CPU.ActiveCfg = Release|Any CPU
		{50F260BA-D50A-4935-8E22-DCC0755C9E80}.Release|Any CPU.Build.0 = Release|Any CPU
	EndGlobalSection
	GlobalSection(SolutionProperties) = preSolution
		HideSolutionNode = FALSE
	EndGlobalSection
	GlobalSection(ExtensibilityGlobals) = postSolution
		SolutionGuid = {5B76D758-C0D7-448D-B38F-719B5AF0F2BE}
	EndGlobalSection
EndGlobal
